<?xml version="1.0" encoding="utf-8"?>
<Project ToolsVersion="4.0" xmlns="http://schemas.microsoft.com/developer/msbuild/2003">
  <ItemGroup>
    <Filter Include="Resource Files">
      <UniqueIdentifier>{38712199-cebf-4124-bf15-398f7c3419ea}</UniqueIdentifier>
      <Extensions>ico;cur;bmp;dlg;rc2;rct;bin;rgs;gif;jpg;jpeg;jpe</Extensions>
    </Filter>
    <Filter Include="Demo App Source">
      <UniqueIdentifier>{34567deb-d5ab-4a56-8640-0aaec609521a}</UniqueIdentifier>
      <Extensions>cpp;c;cxx;rc;def;r;odl;idl;hpj;bat</Extensions>
    </Filter>
    <Filter Include="Configuration Files">
      <UniqueIdentifier>{19ff1a34-36de-4c48-9d10-3fb1fa0d1fa4}</UniqueIdentifier>
      <Extensions>h;hpp;hxx;hm;inl</Extensions>
    </Filter>
    <Filter Include="Demo App Source\Full_Demo">
      <UniqueIdentifier>{4ae1665e-a7bb-4c1a-81a3-531d883e6f2d}</UniqueIdentifier>
    </Filter>
    <Filter Include="Demo App Source\Full_Demo\Common Demo Tasks">
      <UniqueIdentifier>{2d4a700c-06e3-4dd2-afbe-ab1be71ebe2a}</UniqueIdentifier>
    </Filter>
    <Filter Include="Demo App Source\Blinky_Demo">
      <UniqueIdentifier>{fb86fa48-ac27-4f87-9215-ce9e1a1a85f9}</UniqueIdentifier>
    </Filter>
    <Filter Include="FreeRTOS Source">
      <UniqueIdentifier>{648b080f-a10e-43b7-bc1d-8e32962b5bde}</UniqueIdentifier>
    </Filter>
    <Filter Include="FreeRTOS Source\Include">
      <UniqueIdentifier>{8b92c42c-3c81-4aca-b4ad-e5b3bb32a6c8}</UniqueIdentifier>
    </Filter>
    <Filter Include="FreeRTOS Source\Source">
      <UniqueIdentifier>{d940794c-5518-4556-b4ab-019395042ccc}</UniqueIdentifier>
    </Filter>
    <Filter Include="FreeRTOS Source\Source\Portable">
      <UniqueIdentifier>{00687538-4fbf-4f2c-be63-897d61768862}</UniqueIdentifier>
    </Filter>
    <Filter Include="Demo App Source\FreeRTOS+Trace Recorder">
      <UniqueIdentifier>{e9143e93-15dd-4364-aa42-e1b4a09bff07}</UniqueIdentifier>
    </Filter>
    <Filter Include="LZMA">
      <UniqueIdentifier>{66d7b1ec-93e9-4691-b468-3d3a52db2e5b}</UniqueIdentifier>
    </Filter>
    <Filter Include="LZMA\utils">
      <UniqueIdentifier>{81d89eaf-8982-4de4-8b5c-dfd38659b935}</UniqueIdentifier>
    </Filter>
  </ItemGroup>
  <ItemGroup>
    <ClCompile Include="main.c">
      <Filter>Demo App Source</Filter>
    </ClCompile>
    <ClCompile Include="..\Common\Minimal\flop.c">
      <Filter>Demo App Source\Full_Demo\Common Demo Tasks</Filter>
    </ClCompile>
    <ClCompile Include="..\Common\Minimal\GenQTest.c">
      <Filter>Demo App Source\Full_Demo\Common Demo Tasks</Filter>
    </ClCompile>
    <ClCompile Include="..\Common\Minimal\integer.c">
      <Filter>Demo App Source\Full_Demo\Common Demo Tasks</Filter>
    </ClCompile>
    <ClCompile Include="..\Common\Minimal\PollQ.c">
      <Filter>Demo App Source\Full_Demo\Common Demo Tasks</Filter>
    </ClCompile>
    <ClCompile Include="..\Common\Minimal\QPeek.c">
      <Filter>Demo App Source\Full_Demo\Common Demo Tasks</Filter>
    </ClCompile>
    <ClCompile Include="..\Common\Minimal\semtest.c">
      <Filter>Demo App Source\Full_Demo\Common Demo Tasks</Filter>
    </ClCompile>
    <ClCompile Include="..\Common\Minimal\BlockQ.c">
      <Filter>Demo App Source\Full_Demo\Common Demo Tasks</Filter>
    </ClCompile>
    <ClCompile Include="..\Common\Minimal\blocktim.c">
      <Filter>Demo App Source\Full_Demo\Common Demo Tasks</Filter>
    </ClCompile>
    <ClCompile Include="..\Common\Minimal\timerdemo.c">
      <Filter>Demo App Source\Full_Demo\Common Demo Tasks</Filter>
    </ClCompile>
    <ClCompile Include="..\Common\Minimal\countsem.c">
      <Filter>Demo App Source\Full_Demo\Common Demo Tasks</Filter>
    </ClCompile>
    <ClCompile Include="..\Common\Minimal\death.c">
      <Filter>Demo App Source\Full_Demo\Common Demo Tasks</Filter>
    </ClCompile>
    <ClCompile Include="..\Common\Minimal\dynamic.c">
      <Filter>Demo App Source\Full_Demo\Common Demo Tasks</Filter>
    </ClCompile>
    <ClCompile Include="..\Common\Minimal\QueueSet.c">
      <Filter>Demo App Source\Full_Demo\Common Demo Tasks</Filter>
    </ClCompile>
    <ClCompile Include="Run-time-stats-utils.c">
      <Filter>Demo App Source</Filter>
    </ClCompile>
    <ClCompile Include="..\Common\Minimal\QueueOverwrite.c">
      <Filter>Demo App Source\Full_Demo\Common Demo Tasks</Filter>
    </ClCompile>
    <ClCompile Include="..\Common\Minimal\EventGroupsDemo.c">
      <Filter>Demo App Source\Full_Demo\Common Demo Tasks</Filter>
    </ClCompile>
    <ClCompile Include="..\Common\Minimal\IntSemTest.c">
      <Filter>Demo App Source\Full_Demo\Common Demo Tasks</Filter>
    </ClCompile>
    <ClCompile Include="..\Common\Minimal\TaskNotify.c">
      <Filter>Demo App Source\Full_Demo\Common Demo Tasks</Filter>
    </ClCompile>
    <ClCompile Include="..\Common\Minimal\QueueSetPolling.c">
      <Filter>Demo App Source\Full_Demo\Common Demo Tasks</Filter>
    </ClCompile>
    <ClCompile Include="..\Common\Minimal\recmutex.c">
      <Filter>Demo App Source\Full_Demo\Common Demo Tasks</Filter>
    </ClCompile>
    <ClCompile Include="main_full.c">
      <Filter>Demo App Source\Full_Demo</Filter>
    </ClCompile>
    <ClCompile Include="main_blinky.c">
      <Filter>Demo App Source\Blinky_Demo</Filter>
    </ClCompile>
    <ClCompile Include="..\Common\Minimal\StaticAllocation.c">
      <Filter>Demo App Source\Full_Demo\Common Demo Tasks</Filter>
    </ClCompile>
    <ClCompile Include="..\Common\Minimal\AbortDelay.c">
      <Filter>Demo App Source\Full_Demo\Common Demo Tasks</Filter>
    </ClCompile>
    <ClCompile Include="..\Common\Minimal\MessageBufferDemo.c">
      <Filter>Demo App Source\Full_Demo\Common Demo Tasks</Filter>
    </ClCompile>
    <ClCompile Include="..\Common\Minimal\StreamBufferDemo.c">
      <Filter>Demo App Source\Full_Demo\Common Demo Tasks</Filter>
    </ClCompile>
    <ClCompile Include="..\Common\Minimal\StreamBufferInterrupt.c">
      <Filter>Demo App Source\Full_Demo\Common Demo Tasks</Filter>
    </ClCompile>
    <ClCompile Include="..\Common\Minimal\MessageBufferAMP.c">
      <Filter>Demo App Source\Full_Demo\Common Demo Tasks</Filter>
    </ClCompile>
    <ClCompile Include="..\Source\croutine.c">
      <Filter>FreeRTOS Source\Source</Filter>
    </ClCompile>
    <ClCompile Include="..\Source\event_groups.c">
      <Filter>FreeRTOS Source\Source</Filter>
    </ClCompile>
    <ClCompile Include="..\Source\list.c">
      <Filter>FreeRTOS Source\Source</Filter>
    </ClCompile>
    <ClCompile Include="..\Source\queue.c">
      <Filter>FreeRTOS Source\Source</Filter>
    </ClCompile>
    <ClCompile Include="..\Source\stream_buffer.c">
      <Filter>FreeRTOS Source\Source</Filter>
    </ClCompile>
    <ClCompile Include="..\Source\tasks.c">
      <Filter>FreeRTOS Source\Source</Filter>
    </ClCompile>
    <ClCompile Include="..\Source\timers.c">
      <Filter>FreeRTOS Source\Source</Filter>
    </ClCompile>
    <ClCompile Include="..\Source\portable\MSVC-MingW\port.c">
      <Filter>FreeRTOS Source\Source\Portable</Filter>
    </ClCompile>
    <ClCompile Include="..\Source\portable\MemMang\heap_5.c">
      <Filter>FreeRTOS Source\Source\Portable</Filter>
    </ClCompile>
    <ClCompile Include="..\..\FreeRTOS-Plus\Source\FreeRTOS-Plus-Trace\trcKernelPort.c">
      <Filter>Demo App Source\FreeRTOS+Trace Recorder</Filter>
    </ClCompile>
    <ClCompile Include="..\..\FreeRTOS-Plus\Source\FreeRTOS-Plus-Trace\trcSnapshotRecorder.c">
      <Filter>Demo App Source\FreeRTOS+Trace Recorder</Filter>
    </ClCompile>
    <ClCompile Include="main_RTOShw2.c">
      <Filter>Demo App Source</Filter>
    </ClCompile>
    <ClCompile Include="LZMA_C\7zAlloc.c">
      <Filter>LZMA</Filter>
    </ClCompile>
    <ClCompile Include="LZMA_C\7zArcIn.c">
      <Filter>LZMA</Filter>
    </ClCompile>
    <ClCompile Include="LZMA_C\7zBuf.c">
      <Filter>LZMA</Filter>
    </ClCompile>
    <ClCompile Include="LZMA_C\7zBuf2.c">
      <Filter>LZMA</Filter>
    </ClCompile>
    <ClCompile Include="LZMA_C\7zCrc.c">
      <Filter>LZMA</Filter>
    </ClCompile>
    <ClCompile Include="LZMA_C\7zCrcOpt.c">
      <Filter>LZMA</Filter>
    </ClCompile>
    <ClCompile Include="LZMA_C\7zDec.c">
      <Filter>LZMA</Filter>
    </ClCompile>
    <ClCompile Include="LZMA_C\7zFile.c">
      <Filter>LZMA</Filter>
    </ClCompile>
    <ClCompile Include="LZMA_C\7zStream.c">
      <Filter>LZMA</Filter>
    </ClCompile>
    <ClCompile Include="LZMA_C\Aes.c">
      <Filter>LZMA</Filter>
    </ClCompile>
    <ClCompile Include="LZMA_C\AesOpt.c">
      <Filter>LZMA</Filter>
    </ClCompile>
    <ClCompile Include="LZMA_C\Alloc.c">
      <Filter>LZMA</Filter>
    </ClCompile>
    <ClCompile Include="LZMA_C\Bcj2.c">
      <Filter>LZMA</Filter>
    </ClCompile>
    <ClCompile Include="LZMA_C\Bcj2Enc.c">
      <Filter>LZMA</Filter>
    </ClCompile>
    <ClCompile Include="LZMA_C\Bra.c">
      <Filter>LZMA</Filter>
    </ClCompile>
    <ClCompile Include="LZMA_C\Bra86.c">
      <Filter>LZMA</Filter>
    </ClCompile>
    <ClCompile Include="LZMA_C\BraIA64.c">
      <Filter>LZMA</Filter>
    </ClCompile>
    <ClCompile Include="LZMA_C\CpuArch.c">
      <Filter>LZMA</Filter>
    </ClCompile>
    <ClCompile Include="LZMA_C\Delta.c">
      <Filter>LZMA</Filter>
    </ClCompile>
    <ClCompile Include="LZMA_C\DllSecur.c">
      <Filter>LZMA</Filter>
    </ClCompile>
    <ClCompile Include="LZMA_C\LzFind.c">
      <Filter>LZMA</Filter>
    </ClCompile>
    <ClCompile Include="LZMA_C\LzFindMt.c">
      <Filter>LZMA</Filter>
    </ClCompile>
    <ClCompile Include="LZMA_C\Lzma2Dec.c">
      <Filter>LZMA</Filter>
    </ClCompile>
    <ClCompile Include="LZMA_C\Lzma2Enc.c">
      <Filter>LZMA</Filter>
    </ClCompile>
    <ClCompile Include="LZMA_C\Lzma86Dec.c">
      <Filter>LZMA</Filter>
    </ClCompile>
    <ClCompile Include="LZMA_C\Lzma86Enc.c">
      <Filter>LZMA</Filter>
    </ClCompile>
    <ClCompile Include="LZMA_C\LzmaDec.c">
      <Filter>LZMA</Filter>
    </ClCompile>
    <ClCompile Include="LZMA_C\LzmaEnc.c">
      <Filter>LZMA</Filter>
    </ClCompile>
    <ClCompile Include="LZMA_C\LzmaLib.c">
      <Filter>LZMA</Filter>
    </ClCompile>
    <ClCompile Include="LZMA_C\MtCoder.c">
      <Filter>LZMA</Filter>
    </ClCompile>
    <ClCompile Include="LZMA_C\Ppmd7.c">
      <Filter>LZMA</Filter>
    </ClCompile>
    <ClCompile Include="LZMA_C\Ppmd7Dec.c">
      <Filter>LZMA</Filter>
    </ClCompile>
    <ClCompile Include="LZMA_C\Ppmd7Enc.c">
      <Filter>LZMA</Filter>
    </ClCompile>
    <ClCompile Include="LZMA_C\Sha256.c">
      <Filter>LZMA</Filter>
    </ClCompile>
    <ClCompile Include="LZMA_C\Sort.c">
      <Filter>LZMA</Filter>
    </ClCompile>
    <ClCompile Include="LZMA_C\Threads.c">
      <Filter>LZMA</Filter>
    </ClCompile>
    <ClCompile Include="LZMA_C\Xz.c">
      <Filter>LZMA</Filter>
    </ClCompile>
    <ClCompile Include="LZMA_C\XzCrc64.c">
      <Filter>LZMA</Filter>
    </ClCompile>
    <ClCompile Include="LZMA_C\XzCrc64Opt.c">
      <Filter>LZMA</Filter>
    </ClCompile>
    <ClCompile Include="LZMA_C\XzDec.c">
      <Filter>LZMA</Filter>
    </ClCompile>
    <ClCompile Include="LZMA_C\XzEnc.c">
      <Filter>LZMA</Filter>
    </ClCompile>
    <ClCompile Include="LZMA_C\XzIn.c">
      <Filter>LZMA</Filter>
    </ClCompile>
    <ClCompile Include="LZMA_C\Util\Lzma\LzmaUtil.c">
      <Filter>LZMA\utils</Filter>
    </ClCompile>
  </ItemGroup>
  <ItemGroup>
    <ClInclude Include="FreeRTOSConfig.h">
      <Filter>Configuration Files</Filter>
    </ClInclude>
    <ClInclude Include="Trace_Recorder_Configuration\trcConfig.h">
      <Filter>Configuration Files</Filter>
    </ClInclude>
    <ClInclude Include="..\Source\include\croutine.h">
      <Filter>FreeRTOS Source\Include</Filter>
    </ClInclude>
    <ClInclude Include="..\Source\include\deprecated_definitions.h">
      <Filter>FreeRTOS Source\Include</Filter>
    </ClInclude>
    <ClInclude Include="..\Source\include\event_groups.h">
      <Filter>FreeRTOS Source\Include</Filter>
    </ClInclude>
    <ClInclude Include="..\Source\include\FreeRTOS.h">
      <Filter>FreeRTOS Source\Include</Filter>
    </ClInclude>
    <ClInclude Include="..\Source\include\list.h">
      <Filter>FreeRTOS Source\Include</Filter>
    </ClInclude>
    <ClInclude Include="..\Source\include\message_buffer.h">
      <Filter>FreeRTOS Source\Include</Filter>
    </ClInclude>
    <ClInclude Include="..\Source\include\mpu_prototypes.h">
      <Filter>FreeRTOS Source\Include</Filter>
    </ClInclude>
    <ClInclude Include="..\Source\include\mpu_wrappers.h">
      <Filter>FreeRTOS Source\Include</Filter>
    </ClInclude>
    <ClInclude Include="..\Source\include\portable.h">
      <Filter>FreeRTOS Source\Include</Filter>
    </ClInclude>
    <ClInclude Include="..\Source\include\projdefs.h">
      <Filter>FreeRTOS Source\Include</Filter>
    </ClInclude>
    <ClInclude Include="..\Source\include\queue.h">
      <Filter>FreeRTOS Source\Include</Filter>
    </ClInclude>
    <ClInclude Include="..\Source\include\semphr.h">
      <Filter>FreeRTOS Source\Include</Filter>
    </ClInclude>
    <ClInclude Include="..\Source\include\stack_macros.h">
      <Filter>FreeRTOS Source\Include</Filter>
    </ClInclude>
    <ClInclude Include="..\Source\include\StackMacros.h">
      <Filter>FreeRTOS Source\Include</Filter>
    </ClInclude>
    <ClInclude Include="..\Source\include\stream_buffer.h">
      <Filter>FreeRTOS Source\Include</Filter>
    </ClInclude>
    <ClInclude Include="..\Source\include\task.h">
      <Filter>FreeRTOS Source\Include</Filter>
    </ClInclude>
    <ClInclude Include="..\Source\include\timers.h">
      <Filter>FreeRTOS Source\Include</Filter>
    </ClInclude>
    <ClInclude Include="LZMA_C\7z.h">
      <Filter>LZMA</Filter>
    </ClInclude>
    <ClInclude Include="LZMA_C\7zAlloc.h">
      <Filter>LZMA</Filter>
    </ClInclude>
    <ClInclude Include="LZMA_C\7zBuf.h">
      <Filter>LZMA</Filter>
    </ClInclude>
    <ClInclude Include="LZMA_C\7zCrc.h">
      <Filter>LZMA</Filter>
    </ClInclude>
    <ClInclude Include="LZMA_C\7zFile.h">
      <Filter>LZMA</Filter>
    </ClInclude>
    <ClInclude Include="LZMA_C\7zTypes.h">
      <Filter>LZMA</Filter>
    </ClInclude>
    <ClInclude Include="LZMA_C\7zVersion.h">
      <Filter>LZMA</Filter>
    </ClInclude>
    <ClInclude Include="LZMA_C\Aes.h">
      <Filter>LZMA</Filter>
    </ClInclude>
    <ClInclude Include="LZMA_C\Alloc.h">
      <Filter>LZMA</Filter>
    </ClInclude>
    <ClInclude Include="LZMA_C\Bcj2.h">
      <Filter>LZMA</Filter>
    </ClInclude>
    <ClInclude Include="LZMA_C\Bra.h">
      <Filter>LZMA</Filter>
    </ClInclude>
    <ClInclude Include="LZMA_C\Compiler.h">
      <Filter>LZMA</Filter>
    </ClInclude>
    <ClInclude Include="LZMA_C\CpuArch.h">
      <Filter>LZMA</Filter>
    </ClInclude>
    <ClInclude Include="LZMA_C\Delta.h">
      <Filter>LZMA</Filter>
    </ClInclude>
    <ClInclude Include="LZMA_C\DllSecur.h">
      <Filter>LZMA</Filter>
    </ClInclude>
    <ClInclude Include="LZMA_C\LzFind.h">
      <Filter>LZMA</Filter>
    </ClInclude>
    <ClInclude Include="LZMA_C\LzFindMt.h">
      <Filter>LZMA</Filter>
    </ClInclude>
    <ClInclude Include="LZMA_C\LzHash.h">
      <Filter>LZMA</Filter>
    </ClInclude>
    <ClInclude Include="LZMA_C\Lzma2Dec.h">
      <Filter>LZMA</Filter>
    </ClInclude>
    <ClInclude Include="LZMA_C\Lzma2Enc.h">
      <Filter>LZMA</Filter>
    </ClInclude>
    <ClInclude Include="LZMA_C\Lzma86.h">
      <Filter>LZMA</Filter>
    </ClInclude>
    <ClInclude Include="LZMA_C\LzmaDec.h">
      <Filter>LZMA</Filter>
    </ClInclude>
    <ClInclude Include="LZMA_C\LzmaEnc.h">
      <Filter>LZMA</Filter>
    </ClInclude>
    <ClInclude Include="LZMA_C\LzmaLib.h">
      <Filter>LZMA</Filter>
    </ClInclude>
    <ClInclude Include="LZMA_C\MtCoder.h">
      <Filter>LZMA</Filter>
    </ClInclude>
    <ClInclude Include="LZMA_C\Ppmd.h">
      <Filter>LZMA</Filter>
    </ClInclude>
    <ClInclude Include="LZMA_C\Ppmd7.h">
      <Filter>LZMA</Filter>
    </ClInclude>
    <ClInclude Include="LZMA_C\Precomp.h">
      <Filter>LZMA</Filter>
    </ClInclude>
    <ClInclude Include="LZMA_C\RotateDefs.h">
      <Filter>LZMA</Filter>
    </ClInclude>
    <ClInclude Include="LZMA_C\Sha256.h">
      <Filter>LZMA</Filter>
    </ClInclude>
    <ClInclude Include="LZMA_C\Sort.h">
      <Filter>LZMA</Filter>
    </ClInclude>
    <ClInclude Include="LZMA_C\Threads.h">
      <Filter>LZMA</Filter>
    </ClInclude>
    <ClInclude Include="LZMA_C\Xz.h">
      <Filter>LZMA</Filter>
    </ClInclude>
    <ClInclude Include="LZMA_C\XzCrc64.h">
      <Filter>LZMA</Filter>
    </ClInclude>
    <ClInclude Include="LZMA_C\XzEnc.h">
      <Filter>LZMA</Filter>
    </ClInclude>
    <ClInclude Include="LZMA_C\Util\Lzma\LzmaUtil.h">
      <Filter>LZMA\utils</Filter>
    </ClInclude>
  </ItemGroup>
  <ItemGroup>
    <None Include="packages.config" />
    <None Include="Trace.dump">
      <Filter>Demo App Source</Filter>
    </None>
  </ItemGroup>
  <ItemGroup>
    <ResourceCompile Include="LZMA_C\7zVersion.rc">
      <Filter>LZMA</Filter>
    </ResourceCompile>
  </ItemGroup>
</Project>